PODS:
  - SSZipArchive (2.4.3)
  - SVProgressHUD (2.3.1):
    - SVProgressHUD/Core (= 2.3.1)
  - SVProgressHUD/Core (2.3.1)

DEPENDENCIES:
  - SSZipArchive
  - SVProgressHUD

SPEC REPOS:
  trunk:
    - SSZipArchive
    - SVProgressHUD

SPEC CHECKSUMS:
  SSZipArchive: fe6a26b2a54d5a0890f2567b5cc6de5caa600aef
  SVProgressHUD: 4837c74bdfe2e51e8821c397825996a8d7de6e22

PODFILE CHECKSUM: 57b7796bbadca020190f084561b5c012a61cff94

COCOAPODS: 1.16.2
